<?xml version="1.0" encoding="UTF-8"?>
<Scheme
   LastUpgradeVersion = "0630"
   version = "1.3">
   <BuildAction
      parallelizeBuildables = "YES"
      buildImplicitDependencies = "YES">
      <BuildActionEntries>
         <BuildActionEntry
            buildForTesting = "YES"
            buildForRunning = "YES"
            buildForProfiling = "YES"
            buildForArchiving = "YES"
            buildForAnalyzing = "YES">
            <BuildableReference
               BuildableIdentifier = "primary"
<<<<<<< HEAD
               BlueprintIdentifier = "CCEBB8E91ADB3438001B3234"
=======
               BlueprintIdentifier = "CCDB9D431ADB102A0017FA7F"
>>>>>>> 159307f3681663d8348e8e7bf4689c8b6d29c544
               BuildableName = "happyReading.app"
               BlueprintName = "happyReading"
               ReferencedContainer = "container:happyReading.xcodeproj">
            </BuildableReference>
         </BuildActionEntry>
         <BuildActionEntry
            buildForTesting = "YES"
            buildForRunning = "YES"
            buildForProfiling = "NO"
            buildForArchiving = "NO"
            buildForAnalyzing = "YES">
            <BuildableReference
               BuildableIdentifier = "primary"
<<<<<<< HEAD
               BlueprintIdentifier = "CCEBB9021ADB3438001B3234"
=======
               BlueprintIdentifier = "CCDB9D621ADB102B0017FA7F"
>>>>>>> 159307f3681663d8348e8e7bf4689c8b6d29c544
               BuildableName = "happyReadingTests.xctest"
               BlueprintName = "happyReadingTests"
               ReferencedContainer = "container:happyReading.xcodeproj">
            </BuildableReference>
         </BuildActionEntry>
      </BuildActionEntries>
   </BuildAction>
   <TestAction
      selectedDebuggerIdentifier = "Xcode.DebuggerFoundation.Debugger.LLDB"
      selectedLauncherIdentifier = "Xcode.DebuggerFoundation.Launcher.LLDB"
      shouldUseLaunchSchemeArgsEnv = "YES"
      buildConfiguration = "Debug">
      <Testables>
         <TestableReference
            skipped = "NO">
            <BuildableReference
               BuildableIdentifier = "primary"
<<<<<<< HEAD
               BlueprintIdentifier = "CCEBB9021ADB3438001B3234"
=======
               BlueprintIdentifier = "CCDB9D621ADB102B0017FA7F"
>>>>>>> 159307f3681663d8348e8e7bf4689c8b6d29c544
               BuildableName = "happyReadingTests.xctest"
               BlueprintName = "happyReadingTests"
               ReferencedContainer = "container:happyReading.xcodeproj">
            </BuildableReference>
         </TestableReference>
      </Testables>
      <MacroExpansion>
         <BuildableReference
            BuildableIdentifier = "primary"
<<<<<<< HEAD
            BlueprintIdentifier = "CCEBB8E91ADB3438001B3234"
=======
            BlueprintIdentifier = "CCDB9D431ADB102A0017FA7F"
>>>>>>> 159307f3681663d8348e8e7bf4689c8b6d29c544
            BuildableName = "happyReading.app"
            BlueprintName = "happyReading"
            ReferencedContainer = "container:happyReading.xcodeproj">
         </BuildableReference>
      </MacroExpansion>
   </TestAction>
   <LaunchAction
      selectedDebuggerIdentifier = "Xcode.DebuggerFoundation.Debugger.LLDB"
      selectedLauncherIdentifier = "Xcode.DebuggerFoundation.Launcher.LLDB"
      launchStyle = "0"
      useCustomWorkingDirectory = "NO"
      buildConfiguration = "Debug"
      ignoresPersistentStateOnLaunch = "NO"
      debugDocumentVersioning = "YES"
      allowLocationSimulation = "YES">
      <BuildableProductRunnable
         runnableDebuggingMode = "0">
         <BuildableReference
            BuildableIdentifier = "primary"
<<<<<<< HEAD
            BlueprintIdentifier = "CCEBB8E91ADB3438001B3234"
=======
            BlueprintIdentifier = "CCDB9D431ADB102A0017FA7F"
>>>>>>> 159307f3681663d8348e8e7bf4689c8b6d29c544
            BuildableName = "happyReading.app"
            BlueprintName = "happyReading"
            ReferencedContainer = "container:happyReading.xcodeproj">
         </BuildableReference>
      </BuildableProductRunnable>
      <AdditionalOptions>
      </AdditionalOptions>
   </LaunchAction>
   <ProfileAction
      shouldUseLaunchSchemeArgsEnv = "YES"
      savedToolIdentifier = ""
      useCustomWorkingDirectory = "NO"
      buildConfiguration = "Release"
      debugDocumentVersioning = "YES">
      <BuildableProductRunnable
         runnableDebuggingMode = "0">
         <BuildableReference
            BuildableIdentifier = "primary"
<<<<<<< HEAD
            BlueprintIdentifier = "CCEBB8E91ADB3438001B3234"
=======
            BlueprintIdentifier = "CCDB9D431ADB102A0017FA7F"
>>>>>>> 159307f3681663d8348e8e7bf4689c8b6d29c544
            BuildableName = "happyReading.app"
            BlueprintName = "happyReading"
            ReferencedContainer = "container:happyReading.xcodeproj">
         </BuildableReference>
      </BuildableProductRunnable>
   </ProfileAction>
   <AnalyzeAction
      buildConfiguration = "Debug">
   </AnalyzeAction>
   <ArchiveAction
      buildConfiguration = "Release"
      revealArchiveInOrganizer = "YES">
   </ArchiveAction>
</Scheme>
